// !$*UTF8*$!
{
	archiveVersion = 1;
	classes = {
	};
	objectVersion = 55;
	objects = {

/* Begin PBXBuildFile section */
		0429EA772785ACB500CC8FED /* Subject.swift in Sources */ = {isa = PBXBuildFile; fileRef = 0429EA762785ACB500CC8FED /* Subject.swift */; };
		04BD36832789CF3A00440635 /* Task.swift in Sources */ = {isa = PBXBuildFile; fileRef = 04BD36822789CF3A00440635 /* Task.swift */; };
		04BD36852789CF5400440635 /* CurrentTask.swift in Sources */ = {isa = PBXBuildFile; fileRef = 04BD36842789CF5400440635 /* CurrentTask.swift */; };
		04BD36872789CF8000440635 /* System.swift in Sources */ = {isa = PBXBuildFile; fileRef = 04BD36862789CF8000440635 /* System.swift */; };
		A381CDB5277DFD9E00C8A6E8 /* AppDelegate.swift in Sources */ = {isa = PBXBuildFile; fileRef = A381CDB4277DFD9E00C8A6E8 /* AppDelegate.swift */; };
		A381CDB7277DFD9E00C8A6E8 /* SceneDelegate.swift in Sources */ = {isa = PBXBuildFile; fileRef = A381CDB6277DFD9E00C8A6E8 /* SceneDelegate.swift */; };
		A381CDB9277DFD9E00C8A6E8 /* ViewController.swift in Sources */ = {isa = PBXBuildFile; fileRef = A381CDB8277DFD9E00C8A6E8 /* ViewController.swift */; };
		A381CDBC277DFD9E00C8A6E8 /* Main.storyboard in Resources */ = {isa = PBXBuildFile; fileRef = A381CDBA277DFD9E00C8A6E8 /* Main.storyboard */; };
		A381CDBE277DFDA000C8A6E8 /* Assets.xcassets in Resources */ = {isa = PBXBuildFile; fileRef = A381CDBD277DFDA000C8A6E8 /* Assets.xcassets */; };
		A381CDC1277DFDA000C8A6E8 /* LaunchScreen.storyboard in Resources */ = {isa = PBXBuildFile; fileRef = A381CDBF277DFDA000C8A6E8 /* LaunchScreen.storyboard */; };
/* End PBXBuildFile section */

/* Begin PBXFileReference section */
		0429EA762785ACB500CC8FED /* Subject.swift */ = {isa = PBXFileReference; lastKnownFileType = sourcecode.swift; path = Subject.swift; sourceTree = "<group>"; };
		04BD36822789CF3A00440635 /* Task.swift */ = {isa = PBXFileReference; lastKnownFileType = sourcecode.swift; path = Task.swift; sourceTree = "<group>"; };
		04BD36842789CF5400440635 /* CurrentTask.swift */ = {isa = PBXFileReference; lastKnownFileType = sourcecode.swift; path = CurrentTask.swift; sourceTree = "<group>"; };
		04BD36862789CF8000440635 /* System.swift */ = {isa = PBXFileReference; lastKnownFileType = sourcecode.swift; path = System.swift; sourceTree = "<group>"; };
		A381CDB1277DFD9E00C8A6E8 /* Your Grade Book.app */ = {isa = PBXFileReference; explicitFileType = wrapper.application; includeInIndex = 0; path = "Your Grade Book.app"; sourceTree = BUILT_PRODUCTS_DIR; };
		A381CDB4277DFD9E00C8A6E8 /* AppDelegate.swift */ = {isa = PBXFileReference; lastKnownFileType = sourcecode.swift; path = AppDelegate.swift; sourceTree = "<group>"; };
		A381CDB6277DFD9E00C8A6E8 /* SceneDelegate.swift */ = {isa = PBXFileReference; lastKnownFileType = sourcecode.swift; path = SceneDelegate.swift; sourceTree = "<group>"; };
		A381CDB8277DFD9E00C8A6E8 /* ViewController.swift */ = {isa = PBXFileReference; lastKnownFileType = sourcecode.swift; path = ViewController.swift; sourceTree = "<group>"; };
		A381CDBB277DFD9E00C8A6E8 /* Base */ = {isa = PBXFileReference; lastKnownFileType = file.storyboard; name = Base; path = Base.lproj/Main.storyboard; sourceTree = "<group>"; };
		A381CDBD277DFDA000C8A6E8 /* Assets.xcassets */ = {isa = PBXFileReference; lastKnownFileType = folder.assetcatalog; path = Assets.xcassets; sourceTree = "<group>"; };
		A381CDC0277DFDA000C8A6E8 /* Base */ = {isa = PBXFileReference; lastKnownFileType = file.storyboard; name = Base; path = Base.lproj/LaunchScreen.storyboard; sourceTree = "<group>"; };
		A381CDC2277DFDA000C8A6E8 /* Info.plist */ = {isa = PBXFileReference; lastKnownFileType = text.plist.xml; path = Info.plist; sourceTree = "<group>"; };
/* End PBXFileReference section */

/* Begin PBXFrameworksBuildPhase section */
		A381CDAE277DFD9E00C8A6E8 /* Frameworks */ = {
			isa = PBXFrameworksBuildPhase;
			buildActionMask = 2147483647;
			files = (
			);
			runOnlyForDeploymentPostprocessing = 0;
		};
/* End PBXFrameworksBuildPhase section */

/* Begin PBXGroup section */
		0429EA752785AC8100CC8FED /* Models */ = {
			isa = PBXGroup;
			children = (
				0429EA762785ACB500CC8FED /* Subject.swift */,
				04BD36822789CF3A00440635 /* Task.swift */,
				04BD36842789CF5400440635 /* CurrentTask.swift */,
				04BD36862789CF8000440635 /* System.swift */,
			);
			path = Models;
			sourceTree = "<group>";
		};
		A381CDA8277DFD9E00C8A6E8 = {
			isa = PBXGroup;
			children = (
				A381CDB3277DFD9E00C8A6E8 /* Your Grade Book */,
				A381CDB2277DFD9E00C8A6E8 /* Products */,
			);
			sourceTree = "<group>";
		};
		A381CDB2277DFD9E00C8A6E8 /* Products */ = {
			isa = PBXGroup;
			children = (
				A381CDB1277DFD9E00C8A6E8 /* Your Grade Book.app */,
			);
			name = Products;
			sourceTree = "<group>";
		};
		A381CDB3277DFD9E00C8A6E8 /* Your Grade Book */ = {
			isa = PBXGroup;
			children = (
				0429EA752785AC8100CC8FED /* Models */,
				A381CDB4277DFD9E00C8A6E8 /* AppDelegate.swift */,
				A381CDB6277DFD9E00C8A6E8 /* SceneDelegate.swift */,
				A381CDB8277DFD9E00C8A6E8 /* ViewController.swift */,
				A381CDBA277DFD9E00C8A6E8 /* Main.storyboard */,
				A381CDBD277DFDA000C8A6E8 /* Assets.xcassets */,
				A381CDBF277DFDA000C8A6E8 /* LaunchScreen.storyboard */,
				A381CDC2277DFDA000C8A6E8 /* Info.plist */,
			);
			path = "Your Grade Book";
			sourceTree = "<group>";
		};
/* End PBXGroup section */

/* Begin PBXNativeTarget section */
		A381CDB0277DFD9E00C8A6E8 /* Your Grade Book */ = {
			isa = PBXNativeTarget;
			buildConfigurationList = A381CDC5277DFDA000C8A6E8 /* Build configuration list for PBXNativeTarget "Your Grade Book" */;
			buildPhases = (
				A381CDAD277DFD9E00C8A6E8 /* Sources */,
				A381CDAE277DFD9E00C8A6E8 /* Frameworks */,
				A381CDAF277DFD9E00C8A6E8 /* Resources */,
			);
			buildRules = (
			);
			dependencies = (
			);
			name = "Your Grade Book";
			productName = "Your Grade Book";
			productReference = A381CDB1277DFD9E00C8A6E8 /* Your Grade Book.app */;
			productType = "com.apple.product-type.application";
		};
/* End PBXNativeTarget section */

/* Begin PBXProject section */
		A381CDA9277DFD9E00C8A6E8 /* Project object */ = {
			isa = PBXProject;
			attributes = {
				BuildIndependentTargetsInParallel = 1;
				LastSwiftUpdateCheck = 1320;
				LastUpgradeCheck = 1320;
				TargetAttributes = {
					A381CDB0277DFD9E00C8A6E8 = {
						CreatedOnToolsVersion = 13.2.1;
					};
				};
			};
			buildConfigurationList = A381CDAC277DFD9E00C8A6E8 /* Build configuration list for PBXProject "Your Grade Book" */;
			compatibilityVersion = "Xcode 13.0";
			developmentRegion = en;
			hasScannedForEncodings = 0;
			knownRegions = (
				en,
				Base,
			);
			mainGroup = A381CDA8277DFD9E00C8A6E8;
			productRefGroup = A381CDB2277DFD9E00C8A6E8 /* Products */;
			projectDirPath = "";
			projectRoot = "";
			targets = (
				A381CDB0277DFD9E00C8A6E8 /* Your Grade Book */,
			);
		};
/* End PBXProject section */

/* Begin PBXResourcesBuildPhase section */
		A381CDAF277DFD9E00C8A6E8 /* Resources */ = {
			isa = PBXResourcesBuildPhase;
			buildActionMask = 2147483647;
			files = (
				A381CDC1277DFDA000C8A6E8 /* LaunchScreen.storyboard in Resources */,
				A381CDBE277DFDA000C8A6E8 /* Assets.xcassets in Resources */,
				A381CDBC277DFD9E00C8A6E8 /* Main.storyboard in Resources */,
			);
			runOnlyForDeploymentPostprocessing = 0;
		};
/* End PBXResourcesBuildPhase section */

/* Begin PBXSourcesBuildPhase section */
		A381CDAD277DFD9E00C8A6E8 /* Sources */ = {
			isa = PBXSourcesBuildPhase;
			buildActionMask = 2147483647;
			files = (
				0429EA772785ACB500CC8FED /* Subject.swift in Sources */,
				04BD36872789CF8000440635 /* System.swift in Sources */,
				A381CDB9277DFD9E00C8A6E8 /* ViewController.swift in Sources */,
				04BD36832789CF3A00440635 /* Task.swift in Sources */,
				A381CDB5277DFD9E00C8A6E8 /* AppDelegate.swift in Sources */,
				04BD36852789CF5400440635 /* CurrentTask.swift in Sources */,
				A381CDB7277DFD9E00C8A6E8 /* SceneDelegate.swift in Sources */,
			);
			runOnlyForDeploymentPostprocessing = 0;
		};
/* End PBXSourcesBuildPhase section */

/* Begin PBXVariantGroup section */
		A381CDBA277DFD9E00C8A6E8 /* Main.storyboard */ = {
			isa = PBXVariantGroup;
			children = (
				A381CDBB277DFD9E00C8A6E8 /* Base */,
			);
			name = Main.storyboard;
			sourceTree = "<group>";
		};
		A381CDBF277DFDA000C8A6E8 /* LaunchScreen.storyboard */ = {
			isa = PBXVariantGroup;
			children = (
				A381CDC0277DFDA000C8A6E8 /* Base */,
			);
			name = LaunchScreen.storyboard;
			sourceTree = "<group>";
		};
/* End PBXVariantGroup section */

/* Begin XCBuildConfiguration section */
		A381CDC3277DFDA000C8A6E8 /* Debug */ = {
			isa = XCBuildConfiguration;
			buildSettings = {
				ALWAYS_SEARCH_USER_PATHS = NO;
				CLANG_ANALYZER_NONNULL = YES;
				CLANG_ANALYZER_NUMBER_OBJECT_CONVERSION = YES_AGGRESSIVE;
				CLANG_CXX_LANGUAGE_STANDARD = "gnu++17";
				CLANG_CXX_LIBRARY = "libc++";
				CLANG_ENABLE_MODULES = YES;
				CLANG_ENABLE_OBJC_ARC = YES;
				CLANG_ENABLE_OBJC_WEAK = YES;
				CLANG_WARN_BLOCK_CAPTURE_AUTORELEASING = YES;
				CLANG_WARN_BOOL_CONVERSION = YES;
				CLANG_WARN_COMMA = YES;
				CLANG_WARN_CONSTANT_CONVERSION = YES;
				CLANG_WARN_DEPRECATED_OBJC_IMPLEMENTATIONS = YES;
				CLANG_WARN_DIRECT_OBJC_ISA_USAGE = YES_ERROR;
				CLANG_WARN_DOCUMENTATION_COMMENTS = YES;
				CLANG_WARN_EMPTY_BODY = YES;
				CLANG_WARN_ENUM_CONVERSION = YES;
				CLANG_WARN_INFINITE_RECURSION = YES;
				CLANG_WARN_INT_CONVERSION = YES;
				CLANG_WARN_NON_LITERAL_NULL_CONVERSION = YES;
				CLANG_WARN_OBJC_IMPLICIT_RETAIN_SELF = YES;
				CLANG_WARN_OBJC_LITERAL_CONVERSION = YES;
				CLANG_WARN_OBJC_ROOT_CLASS = YES_ERROR;
				CLANG_WARN_QUOTED_INCLUDE_IN_FRAMEWORK_HEADER = YES;
				CLANG_WARN_RANGE_LOOP_ANALYSIS = YES;
				CLANG_WARN_STRICT_PROTOTYPES = YES;
				CLANG_WARN_SUSPICIOUS_MOVE = YES;
				CLANG_WARN_UNGUARDED_AVAILABILITY = YES_AGGRESSIVE;
				CLANG_WARN_UNREACHABLE_CODE = YES;
				CLANG_WARN__DUPLICATE_METHOD_MATCH = YES;
				COPY_PHASE_STRIP = NO;
				DEBUG_INFORMATION_FORMAT = dwarf;
				ENABLE_STRICT_OBJC_MSGSEND = YES;
				ENABLE_TESTABILITY = YES;
				GCC_C_LANGUAGE_STANDARD = gnu11;
				GCC_DYNAMIC_NO_PIC = NO;
				GCC_NO_COMMON_BLOCKS = YES;
				GCC_OPTIMIZATION_LEVEL = 0;
				GCC_PREPROCESSOR_DEFINITIONS = (
					"DEBUG=1",
					"$(inherited)",
				);
				GCC_WARN_64_TO_32_BIT_CONVERSION = YES;
				GCC_WARN_ABOUT_RETURN_TYPE = YES_ERROR;
				GCC_WARN_UNDECLARED_SELECTOR = YES;
				GCC_WARN_UNINITIALIZED_AUTOS = YES_AGGRESSIVE;
				GCC_WARN_UNUSED_FUNCTION = YES;
				GCC_WARN_UNUSED_VARIABLE = YES;
				IPHONEOS_DEPLOYMENT_TARGET = 15.2;
				MTL_ENABLE_DEBUG_INFO = INCLUDE_SOURCE;
				MTL_FAST_MATH = YES;
				ONLY_ACTIVE_ARCH = YES;
				SDKROOT = iphoneos;
				SWIFT_ACTIVE_COMPILATION_CONDITIONS = DEBUG;
				SWIFT_OPTIMIZATION_LEVEL = "-Onone";
			};
			name = Debug;
		};
		A381CDC4277DFDA000C8A6E8 /* Release */ = {
			isa = XCBuildConfiguration;
			buildSettings = {
				ALWAYS_SEARCH_USER_PATHS = NO;
				CLANG_ANALYZER_NONNULL = YES;
				CLANG_ANALYZER_NUMBER_OBJECT_CONVERSION = YES_AGGRESSIVE;
				CLANG_CXX_LANGUAGE_STANDARD = "gnu++17";
				CLANG_CXX_LIBRARY = "libc++";
				CLANG_ENABLE_MODULES = YES;
				CLANG_ENABLE_OBJC_ARC = YES;
				CLANG_ENABLE_OBJC_WEAK = YES;
				CLANG_WARN_BLOCK_CAPTURE_AUTORELEASING = YES;
				CLANG_WARN_BOOL_CONVERSION = YES;
				CLANG_WARN_COMMA = YES;
				CLANG_WARN_CONSTANT_CONVERSION = YES;
				CLANG_WARN_DEPRECATED_OBJC_IMPLEMENTATIONS = YES;
				CLANG_WARN_DIRECT_OBJC_ISA_USAGE = YES_ERROR;
				CLANG_WARN_DOCUMENTATION_COMMENTS = YES;
				CLANG_WARN_EMPTY_BODY = YES;
				CLANG_WARN_ENUM_CONVERSION = YES;
				CLANG_WARN_INFINITE_RECURSION = YES;
				CLANG_WARN_INT_CONVERSION = YES;
				CLANG_WARN_NON_LITERAL_NULL_CONVERSION = YES;
				CLANG_WARN_OBJC_IMPLICIT_RETAIN_SELF = YES;
				CLANG_WARN_OBJC_LITERAL_CONVERSION = YES;
				CLANG_WARN_OBJC_ROOT_CLASS = YES_ERROR;
				CLANG_WARN_QUOTED_INCLUDE_IN_FRAMEWORK_HEADER = YES;
				CLANG_WARN_RANGE_LOOP_ANALYSIS = YES;
				CLANG_WARN_STRICT_PROTOTYPES = YES;
				CLANG_WARN_SUSPICIOUS_MOVE = YES;
				CLANG_WARN_UNGUARDED_AVAILABILITY = YES_AGGRESSIVE;
				CLANG_WARN_UNREACHABLE_CODE = YES;
				CLANG_WARN__DUPLICATE_METHOD_MATCH = YES;
				COPY_PHASE_STRIP = NO;
				DEBUG_INFORMATION_FORMAT = "dwarf-with-dsym";
				ENABLE_NS_ASSERTIONS = NO;
				ENABLE_STRICT_OBJC_MSGSEND = YES;
				GCC_C_LANGUAGE_STANDARD = gnu11;
				GCC_NO_COMMON_BLOCKS = YES;
				GCC_WARN_64_TO_32_BIT_CONVERSION = YES;
				GCC_WARN_ABOUT_RETURN_TYPE = YES_ERROR;
				GCC_WARN_UNDECLARED_SELECTOR = YES;
				GCC_WARN_UNINITIALIZED_AUTOS = YES_AGGRESSIVE;
				GCC_WARN_UNUSED_FUNCTION = YES;
				GCC_WARN_UNUSED_VARIABLE = YES;
				IPHONEOS_DEPLOYMENT_TARGET = 15.2;
				MTL_ENABLE_DEBUG_INFO = NO;
				MTL_FAST_MATH = YES;
				SDKROOT = iphoneos;
				SWIFT_COMPILATION_MODE = wholemodule;
				SWIFT_OPTIMIZATION_LEVEL = "-O";
				VALIDATE_PRODUCT = YES;
			};
			name = Release;
		};
		A381CDC6277DFDA000C8A6E8 /* Debug */ = {
			isa = XCBuildConfiguration;
			buildSettings = {
				ASSETCATALOG_COMPILER_APPICON_NAME = AppIcon;
				ASSETCATALOG_COMPILER_GLOBAL_ACCENT_COLOR_NAME = AccentColor;
				CODE_SIGN_STYLE = Automatic;
				CURRENT_PROJECT_VERSION = 1;
				DEVELOPMENT_TEAM = 9W5BMT376H;
				GENERATE_INFOPLIST_FILE = YES;
				INFOPLIST_FILE = "Your Grade Book/Info.plist";
				INFOPLIST_KEY_CFBundleDisplayName = "Your Grade Book";
				INFOPLIST_KEY_UIApplicationSupportsIndirectInputEvents = YES;
				INFOPLIST_KEY_UILaunchStoryboardName = LaunchScreen;
				INFOPLIST_KEY_UIMainStoryboardFile = Main;
				INFOPLIST_KEY_UISupportedInterfaceOrientations_iPad = "UIInterfaceOrientationPortrait UIInterfaceOrientationPortraitUpsideDown UIInterfaceOrientationLandscapeLeft UIInterfaceOrientationLandscapeRight";
				INFOPLIST_KEY_UISupportedInterfaceOrientations_iPhone = "UIInterfaceOrientationPortrait UIInterfaceOrientationLandscapeLeft UIInterfaceOrientationLandscapeRight";
				LD_RUNPATH_SEARCH_PATHS = (
					"$(inherited)",
					"@executable_path/Frameworks",
				);
				MARKETING_VERSION = 1.0;
				PRODUCT_BUNDLE_IDENTIFIER = "Yulia.ua.Your-Grade-Book";
				PRODUCT_NAME = "$(TARGET_NAME)";
				SWIFT_EMIT_LOC_STRINGS = YES;
				SWIFT_VERSION = 5.0;
				TARGETED_DEVICE_FAMILY = 1;
			};
			name = Debug;
		};
		A381CDC7277DFDA000C8A6E8 /* Release */ = {
			isa = XCBuildConfiguration;
			buildSettings = {
				ASSETCATALOG_COMPILER_APPICON_NAME = AppIcon;
				ASSETCATALOG_COMPILER_GLOBAL_ACCENT_COLOR_NAME = AccentColor;
				CODE_SIGN_STYLE = Automatic;
				CURRENT_PROJECT_VERSION = 1;
				DEVELOPMENT_TEAM = 9W5BMT376H;
				GENERATE_INFOPLIST_FILE = YES;
				INFOPLIST_FILE = "Your Grade Book/Info.plist";
				INFOPLIST_KEY_CFBundleDisplayName = "Your Grade Book";
				INFOPLIST_KEY_UIApplicationSupportsIndirectInputEvents = YES;
				INFOPLIST_KEY_UILaunchStoryboardName = LaunchScreen;
				INFOPLIST_KEY_UIMainStoryboardFile = Main;
				INFOPLIST_KEY_UISupportedInterfaceOrientations_iPad = "UIInterfaceOrientationPortrait UIInterfaceOrientationPortraitUpsideDown UIInterfaceOrientationLandscapeLeft UIInterfaceOrientationLandscapeRight";
				INFOPLIST_KEY_UISupportedInterfaceOrientations_iPhone = "UIInterfaceOrientationPortrait UIInterfaceOrientationLandscapeLeft UIInterfaceOrientationLandscapeRight";
				LD_RUNPATH_SEARCH_PATHS = (
					"$(inherited)",
					"@executable_path/Frameworks",
				);
				MARKETING_VERSION = 1.0;
				PRODUCT_BUNDLE_IDENTIFIER = "Yulia.ua.Your-Grade-Book";
				PRODUCT_NAME = "$(TARGET_NAME)";
				SWIFT_EMIT_LOC_STRINGS = YES;
				SWIFT_VERSION = 5.0;
				TARGETED_DEVICE_FAMILY = 1;
			};
			name = Release;
		};
/* End XCBuildConfiguration section */

/* Begin XCConfigurationList section */
		A381CDAC277DFD9E00C8A6E8 /* Build configuration list for PBXProject "Your Grade Book" */ = {
			isa = XCConfigurationList;
			buildConfigurations = (
				A381CDC3277DFDA000C8A6E8 /* Debug */,
				A381CDC4277DFDA000C8A6E8 /* Release */,
			);
			defaultConfigurationIsVisible = 0;
			defaultConfigurationName = Release;
		};
		A381CDC5277DFDA000C8A6E8 /* Build configuration list for PBXNativeTarget "Your Grade Book" */ = {
			isa = XCConfigurationList;
			buildConfigurations = (
				A381CDC6277DFDA000C8A6E8 /* Debug */,
				A381CDC7277DFDA000C8A6E8 /* Release */,
			);
			defaultConfigurationIsVisible = 0;
			defaultConfigurationName = Release;
		};
/* End XCConfigurationList section */
	};
	rootObject = A381CDA9277DFD9E00C8A6E8 /* Project object */;
}
